
Microsoft Visual Studio Solution File, Format Version 12.00
# Visual Studio Version 16
VisualStudioVersion = 16.0.31321.278
MinimumVisualStudioVersion = 10.0.40219.1
Project("{FAE04EC0-301F-11D3-BF4B-00C04F79EFBC}") = "CantanteApi", "CantanteApi\CantanteApi.csproj", "{982FB93E-2251-4136-8021-21C86A0F953D}"
EndProject
Global
	GlobalSection(SolutionConfigurationPlatforms) = preSolution
		Debug|Any CPU = Debug|Any CPU
		Release|Any CPU = Release|Any CPU
	EndGlobalSection
	GlobalSection(ProjectConfigurationPlatforms) = postSolution
		{982FB93E-2251-4136-8021-21C86A0F953D}.Debug|Any CPU.ActiveCfg = Debug|Any CPU
		{982FB93E-2251-4136-8021-21C86A0F953D}.Debug|Any CPU.Build.0 = Debug|Any CPU
		{982FB93E-2251-4136-8021-21C86A0F953D}.Release|Any CPU.ActiveCfg = Release|Any CPU
		{982FB93E-2251-4136-8021-21C86A0F953D}.Release|Any CPU.Build.0 = Release|Any CPU
	EndGlobalSection
	GlobalSection(SolutionProperties) = preSolution
		HideSolutionNode = FALSE
	EndGlobalSection
	GlobalSection(ExtensibilityGlobals) = postSolution
		SolutionGuid = {63DD0470-8179-4696-8B3A-66A50F158995}
	EndGlobalSection
EndGlobal
